{
  "name": "AIDemise",
  "lockfileVersion": 3,
  "requires": true,
  "packages": {
    "": {
      "dependencies": {
        "@fontsource/bad-script": "^5.1.0"
      }
    },
    "node_modules/@fontsource/bad-script": {
      "version": "5.1.0",
      "resolved": "https://registry.npmjs.org/@fontsource/bad-script/-/bad-script-5.1.0.tgz",
      "integrity": "sha512-Rzwsk7qyhlG8Mq5fSEC1/56ktmdn9ORKyLWTq8InhTF0TPVho0CyZrHLdj8uKlvxxkb6cN8ApoFDQl+1XZZdIg==",
      "license": "OFL-1.1"
    }
  }
}
